
Microsoft Visual Studio Solution File, Format Version 12.00
# Visual Studio Version 17
VisualStudioVersion = 17.11.35222.181
MinimumVisualStudioVersion = 10.0.40219.1
Project("{FAE04EC0-301F-11D3-BF4B-00C04F79EFBC}") = "Matricula", "Matricula\Matricula.csproj", "{C3A01E59-A612-482E-B19D-DDD61A72C246}"
EndProject
Global
	GlobalSection(SolutionConfigurationPlatforms) = preSolution
		Debug|Any CPU = Debug|Any CPU
		Release|Any CPU = Release|Any CPU
	EndGlobalSection
	GlobalSection(ProjectConfigurationPlatforms) = postSolution
		{C3A01E59-A612-482E-B19D-DDD61A72C246}.Debug|Any CPU.ActiveCfg = Debug|Any CPU
		{C3A01E59-A612-482E-B19D-DDD61A72C246}.Debug|Any CPU.Build.0 = Debug|Any CPU
		{C3A01E59-A612-482E-B19D-DDD61A72C246}.Release|Any CPU.ActiveCfg = Release|Any CPU
		{C3A01E59-A612-482E-B19D-DDD61A72C246}.Release|Any CPU.Build.0 = Release|Any CPU
	EndGlobalSection
	GlobalSection(SolutionProperties) = preSolution
		HideSolutionNode = FALSE
	EndGlobalSection
	GlobalSection(ExtensibilityGlobals) = postSolution
		SolutionGuid = {FAD82F4A-023D-4238-94B2-F21CDA3998C5}
	EndGlobalSection
EndGlobal
